
Microsoft Visual Studio Solution File, Format Version 12.00
# Visual Studio Version 16
VisualStudioVersion = 16.0.29806.167
MinimumVisualStudioVersion = 10.0.40219.1
Project("{FAE04EC0-301F-11D3-BF4B-00C04F79EFBC}") = "XamGroup.UWP", "XamGroup.UWP\XamGroup.UWP.csproj", "{C00CC775-0880-4B88-BA81-83AE04DC92F3}"
EndProject
Project("{FAE04EC0-301F-11D3-BF4B-00C04F79EFBC}") = "XamGroup.Android", "XamGroup.Android\XamGroup.Android.csproj", "{93799FDA-80FE-45AC-905C-EA24398D92AA}"
EndProject
Project("{FAE04EC0-301F-11D3-BF4B-00C04F79EFBC}") = "XamGroup.iOS", "XamGroup.iOS\XamGroup.iOS.csproj", "{F2A0CBAE-CF93-4049-A52D-C0F264346DD7}"
EndProject
Project("{FAE04EC0-301F-11D3-BF4B-00C04F79EFBC}") = "XamGroup", "XamGroup\XamGroup.csproj", "{D047F34A-E679-4B5D-B9CD-8CD848FD0ECD}"
EndProject
Global
	GlobalSection(SolutionConfigurationPlatforms) = preSolution
		Debug|Any CPU = Debug|Any CPU
		Debug|ARM = Debug|ARM
		Debug|iPhone = Debug|iPhone
		Debug|iPhoneSimulator = Debug|iPhoneSimulator
		Debug|x64 = Debug|x64
		Debug|x86 = Debug|x86
		Release|Any CPU = Release|Any CPU
		Release|ARM = Release|ARM
		Release|iPhone = Release|iPhone
		Release|iPhoneSimulator = Release|iPhoneSimulator
		Release|x64 = Release|x64
		Release|x86 = Release|x86
	EndGlobalSection
	GlobalSection(ProjectConfigurationPlatforms) = postSolution
		{C00CC775-0880-4B88-BA81-83AE04DC92F3}.Debug|Any CPU.ActiveCfg = Debug|x86
		{C00CC775-0880-4B88-BA81-83AE04DC92F3}.Debug|Any CPU.Build.0 = Debug|x86
		{C00CC775-0880-4B88-BA81-83AE04DC92F3}.Debug|Any CPU.Deploy.0 = Debug|x86
		{C00CC775-0880-4B88-BA81-83AE04DC92F3}.Debug|ARM.ActiveCfg = Debug|ARM
		{C00CC775-0880-4B88-BA81-83AE04DC92F3}.Debug|ARM.Build.0 = Debug|ARM
		{C00CC775-0880-4B88-BA81-83AE04DC92F3}.Debug|ARM.Deploy.0 = Debug|ARM
		{C00CC775-0880-4B88-BA81-83AE04DC92F3}.Debug|iPhone.ActiveCfg = Debug|x86
		{C00CC775-0880-4B88-BA81-83AE04DC92F3}.Debug|iPhone.Build.0 = Debug|x86
		{C00CC775-0880-4B88-BA81-83AE04DC92F3}.Debug|iPhone.Deploy.0 = Debug|x86
		{C00CC775-0880-4B88-BA81-83AE04DC92F3}.Debug|iPhoneSimulator.ActiveCfg = Debug|x86
		{C00CC775-0880-4B88-BA81-83AE04DC92F3}.Debug|iPhoneSimulator.Build.0 = Debug|x86
		{C00CC775-0880-4B88-BA81-83AE04DC92F3}.Debug|iPhoneSimulator.Deploy.0 = Debug|x86
		{C00CC775-0880-4B88-BA81-83AE04DC92F3}.Debug|x64.ActiveCfg = Debug|x64
		{C00CC775-0880-4B88-BA81-83AE04DC92F3}.Debug|x64.Build.0 = Debug|x64
		{C00CC775-0880-4B88-BA81-83AE04DC92F3}.Debug|x64.Deploy.0 = Debug|x64
		{C00CC775-0880-4B88-BA81-83AE04DC92F3}.Debug|x86.ActiveCfg = Debug|x86
		{C00CC775-0880-4B88-BA81-83AE04DC92F3}.Debug|x86.Build.0 = Debug|x86
		{C00CC775-0880-4B88-BA81-83AE04DC92F3}.Debug|x86.Deploy.0 = Debug|x86
		{C00CC775-0880-4B88-BA81-83AE04DC92F3}.Release|Any CPU.ActiveCfg = Release|x86
		{C00CC775-0880-4B88-BA81-83AE04DC92F3}.Release|Any CPU.Build.0 = Release|x86
		{C00CC775-0880-4B88-BA81-83AE04DC92F3}.Release|Any CPU.Deploy.0 = Release|x86
		{C00CC775-0880-4B88-BA81-83AE04DC92F3}.Release|ARM.ActiveCfg = Release|ARM
		{C00CC775-0880-4B88-BA81-83AE04DC92F3}.Release|ARM.Build.0 = Release|ARM
		{C00CC775-0880-4B88-BA81-83AE04DC92F3}.Release|ARM.Deploy.0 = Release|ARM
		{C00CC775-0880-4B88-BA81-83AE04DC92F3}.Release|iPhone.ActiveCfg = Release|x86
		{C00CC775-0880-4B88-BA81-83AE04DC92F3}.Release|iPhone.Build.0 = Release|x86
		{C00CC775-0880-4B88-BA81-83AE04DC92F3}.Release|iPhone.Deploy.0 = Release|x86
		{C00CC775-0880-4B88-BA81-83AE04DC92F3}.Release|iPhoneSimulator.ActiveCfg = Release|x86
		{C00CC775-0880-4B88-BA81-83AE04DC92F3}.Release|iPhoneSimulator.Build.0 = Release|x86
		{C00CC775-0880-4B88-BA81-83AE04DC92F3}.Release|iPhoneSimulator.Deploy.0 = Release|x86
		{C00CC775-0880-4B88-BA81-83AE04DC92F3}.Release|x64.ActiveCfg = Release|x64
		{C00CC775-0880-4B88-BA81-83AE04DC92F3}.Release|x64.Build.0 = Release|x64
		{C00CC775-0880-4B88-BA81-83AE04DC92F3}.Release|x64.Deploy.0 = Release|x64
		{C00CC775-0880-4B88-BA81-83AE04DC92F3}.Release|x86.ActiveCfg = Release|x86
		{C00CC775-0880-4B88-BA81-83AE04DC92F3}.Release|x86.Build.0 = Release|x86
		{C00CC775-0880-4B88-BA81-83AE04DC92F3}.Release|x86.Deploy.0 = Release|x86
		{93799FDA-80FE-45AC-905C-EA24398D92AA}.Debug|Any CPU.ActiveCfg = Debug|Any CPU
		{93799FDA-80FE-45AC-905C-EA24398D92AA}.Debug|Any CPU.Build.0 = Debug|Any CPU
		{93799FDA-80FE-45AC-905C-EA24398D92AA}.Debug|Any CPU.Deploy.0 = Debug|Any CPU
		{93799FDA-80FE-45AC-905C-EA24398D92AA}.Debug|ARM.ActiveCfg = Debug|Any CPU
		{93799FDA-80FE-45AC-905C-EA24398D92AA}.Debug|ARM.Build.0 = Debug|Any CPU
		{93799FDA-80FE-45AC-905C-EA24398D92AA}.Debug|ARM.Deploy.0 = Debug|Any CPU
		{93799FDA-80FE-45AC-905C-EA24398D92AA}.Debug|iPhone.ActiveCfg = Debug|Any CPU
		{93799FDA-80FE-45AC-905C-EA24398D92AA}.Debug|iPhone.Build.0 = Debug|Any CPU
		{93799FDA-80FE-45AC-905C-EA24398D92AA}.Debug|iPhone.Deploy.0 = Debug|Any CPU
		{93799FDA-80FE-45AC-905C-EA24398D92AA}.Debug|iPhoneSimulator.ActiveCfg = Debug|Any CPU
		{93799FDA-80FE-45AC-905C-EA24398D92AA}.Debug|iPhoneSimulator.Build.0 = Debug|Any CPU
		{93799FDA-80FE-45AC-905C-EA24398D92AA}.Debug|iPhoneSimulator.Deploy.0 = Debug|Any CPU
		{93799FDA-80FE-45AC-905C-EA24398D92AA}.Debug|x64.ActiveCfg = Debug|Any CPU
		{93799FDA-80FE-45AC-905C-EA24398D92AA}.Debug|x64.Build.0 = Debug|Any CPU
		{93799FDA-80FE-45AC-905C-EA24398D92AA}.Debug|x64.Deploy.0 = Debug|Any CPU
		{93799FDA-80FE-45AC-905C-EA24398D92AA}.Debug|x86.ActiveCfg = Debug|Any CPU
		{93799FDA-80FE-45AC-905C-EA24398D92AA}.Debug|x86.Build.0 = Debug|Any CPU
		{93799FDA-80FE-45AC-905C-EA24398D92AA}.Debug|x86.Deploy.0 = Debug|Any CPU
		{93799FDA-80FE-45AC-905C-EA24398D92AA}.Release|Any CPU.ActiveCfg = Release|Any CPU
		{93799FDA-80FE-45AC-905C-EA24398D92AA}.Release|Any CPU.Build.0 = Release|Any CPU
		{93799FDA-80FE-45AC-905C-EA24398D92AA}.Release|Any CPU.Deploy.0 = Release|Any CPU
		{93799FDA-80FE-45AC-905C-EA24398D92AA}.Release|ARM.ActiveCfg = Release|Any CPU
		{93799FDA-80FE-45AC-905C-EA24398D92AA}.Release|ARM.Build.0 = Release|Any CPU
		{93799FDA-80FE-45AC-905C-EA24398D92AA}.Release|ARM.Deploy.0 = Release|Any CPU
		{93799FDA-80FE-45AC-905C-EA24398D92AA}.Release|iPhone.ActiveCfg = Release|Any CPU
		{93799FDA-80FE-45AC-905C-EA24398D92AA}.Release|iPhone.Build.0 = Release|Any CPU
		{93799FDA-80FE-45AC-905C-EA24398D92AA}.Release|iPhone.Deploy.0 = Release|Any CPU
		{93799FDA-80FE-45AC-905C-EA24398D92AA}.Release|iPhoneSimulator.ActiveCfg = Release|Any CPU
		{93799FDA-80FE-45AC-905C-EA24398D92AA}.Release|iPhoneSimulator.Build.0 = Release|Any CPU
		{93799FDA-80FE-45AC-905C-EA24398D92AA}.Release|iPhoneSimulator.Deploy.0 = Release|Any CPU
		{93799FDA-80FE-45AC-905C-EA24398D92AA}.Release|x64.ActiveCfg = Release|Any CPU
		{93799FDA-80FE-45AC-905C-EA24398D92AA}.Release|x64.Build.0 = Release|Any CPU
		{93799FDA-80FE-45AC-905C-EA24398D92AA}.Release|x64.Deploy.0 = Release|Any CPU
		{93799FDA-80FE-45AC-905C-EA24398D92AA}.Release|x86.ActiveCfg = Release|Any CPU
		{93799FDA-80FE-45AC-905C-EA24398D92AA}.Release|x86.Build.0 = Release|Any CPU
		{93799FDA-80FE-45AC-905C-EA24398D92AA}.Release|x86.Deploy.0 = Release|Any CPU
		{F2A0CBAE-CF93-4049-A52D-C0F264346DD7}.Debug|Any CPU.ActiveCfg = Debug|iPhone
		{F2A0CBAE-CF93-4049-A52D-C0F264346DD7}.Debug|Any CPU.Build.0 = Debug|iPhone
		{F2A0CBAE-CF93-4049-A52D-C0F264346DD7}.Debug|Any CPU.Deploy.0 = Debug|iPhone
		{F2A0CBAE-CF93-4049-A52D-C0F264346DD7}.Debug|ARM.ActiveCfg = Debug|iPhoneSimulator
		{F2A0CBAE-CF93-4049-A52D-C0F264346DD7}.Debug|ARM.Build.0 = Debug|iPhoneSimulator
		{F2A0CBAE-CF93-4049-A52D-C0F264346DD7}.Debug|ARM.Deploy.0 = Debug|iPhoneSimulator
		{F2A0CBAE-CF93-4049-A52D-C0F264346DD7}.Debug|iPhone.ActiveCfg = Debug|iPhone
		{F2A0CBAE-CF93-4049-A52D-C0F264346DD7}.Debug|iPhone.Build.0 = Debug|iPhone
		{F2A0CBAE-CF93-4049-A52D-C0F264346DD7}.Debug|iPhone.Deploy.0 = Debug|iPhone
		{F2A0CBAE-CF93-4049-A52D-C0F264346DD7}.Debug|iPhoneSimulator.ActiveCfg = Debug|iPhoneSimulator
		{F2A0CBAE-CF93-4049-A52D-C0F264346DD7}.Debug|iPhoneSimulator.Build.0 = Debug|iPhoneSimulator
		{F2A0CBAE-CF93-4049-A52D-C0F264346DD7}.Debug|iPhoneSimulator.Deploy.0 = Debug|iPhoneSimulator
		{F2A0CBAE-CF93-4049-A52D-C0F264346DD7}.Debug|x64.ActiveCfg = Debug|iPhone
		{F2A0CBAE-CF93-4049-A52D-C0F264346DD7}.Debug|x64.Build.0 = Debug|iPhone
		{F2A0CBAE-CF93-4049-A52D-C0F264346DD7}.Debug|x64.Deploy.0 = Debug|iPhone
		{F2A0CBAE-CF93-4049-A52D-C0F264346DD7}.Debug|x86.ActiveCfg = Debug|iPhone
		{F2A0CBAE-CF93-4049-A52D-C0F264346DD7}.Debug|x86.Build.0 = Debug|iPhone
		{F2A0CBAE-CF93-4049-A52D-C0F264346DD7}.Debug|x86.Deploy.0 = Debug|iPhone
		{F2A0CBAE-CF93-4049-A52D-C0F264346DD7}.Release|Any CPU.ActiveCfg = Release|iPhone
		{F2A0CBAE-CF93-4049-A52D-C0F264346DD7}.Release|Any CPU.Build.0 = Release|iPhone
		{F2A0CBAE-CF93-4049-A52D-C0F264346DD7}.Release|Any CPU.Deploy.0 = Release|iPhone
		{F2A0CBAE-CF93-4049-A52D-C0F264346DD7}.Release|ARM.ActiveCfg = Release|iPhone
		{F2A0CBAE-CF93-4049-A52D-C0F264346DD7}.Release|ARM.Build.0 = Release|iPhone
		{F2A0CBAE-CF93-4049-A52D-C0F264346DD7}.Release|ARM.Deploy.0 = Release|iPhone
		{F2A0CBAE-CF93-4049-A52D-C0F264346DD7}.Release|iPhone.ActiveCfg = Release|iPhone
		{F2A0CBAE-CF93-4049-A52D-C0F264346DD7}.Release|iPhone.Build.0 = Release|iPhone
		{F2A0CBAE-CF93-4049-A52D-C0F264346DD7}.Release|iPhone.Deploy.0 = Release|iPhone
		{F2A0CBAE-CF93-4049-A52D-C0F264346DD7}.Release|iPhoneSimulator.ActiveCfg = Release|iPhoneSimulator
		{F2A0CBAE-CF93-4049-A52D-C0F264346DD7}.Release|iPhoneSimulator.Build.0 = Release|iPhoneSimulator
		{F2A0CBAE-CF93-4049-A52D-C0F264346DD7}.Release|iPhoneSimulator.Deploy.0 = Release|iPhoneSimulator
		{F2A0CBAE-CF93-4049-A52D-C0F264346DD7}.Release|x64.ActiveCfg = Release|iPhone
		{F2A0CBAE-CF93-4049-A52D-C0F264346DD7}.Release|x64.Build.0 = Release|iPhone
		{F2A0CBAE-CF93-4049-A52D-C0F264346DD7}.Release|x64.Deploy.0 = Release|iPhone
		{F2A0CBAE-CF93-4049-A52D-C0F264346DD7}.Release|x86.ActiveCfg = Release|iPhone
		{F2A0CBAE-CF93-4049-A52D-C0F264346DD7}.Release|x86.Build.0 = Release|iPhone
		{F2A0CBAE-CF93-4049-A52D-C0F264346DD7}.Release|x86.Deploy.0 = Release|iPhone
		{D047F34A-E679-4B5D-B9CD-8CD848FD0ECD}.Debug|Any CPU.ActiveCfg = Debug|Any CPU
		{D047F34A-E679-4B5D-B9CD-8CD848FD0ECD}.Debug|Any CPU.Build.0 = Debug|Any CPU
		{D047F34A-E679-4B5D-B9CD-8CD848FD0ECD}.Debug|Any CPU.Deploy.0 = Debug|Any CPU
		{D047F34A-E679-4B5D-B9CD-8CD848FD0ECD}.Debug|ARM.ActiveCfg = Debug|Any CPU
		{D047F34A-E679-4B5D-B9CD-8CD848FD0ECD}.Debug|ARM.Build.0 = Debug|Any CPU
		{D047F34A-E679-4B5D-B9CD-8CD848FD0ECD}.Debug|ARM.Deploy.0 = Debug|Any CPU
		{D047F34A-E679-4B5D-B9CD-8CD848FD0ECD}.Debug|iPhone.ActiveCfg = Debug|Any CPU
		{D047F34A-E679-4B5D-B9CD-8CD848FD0ECD}.Debug|iPhone.Build.0 = Debug|Any CPU
		{D047F34A-E679-4B5D-B9CD-8CD848FD0ECD}.Debug|iPhone.Deploy.0 = Debug|Any CPU
		{D047F34A-E679-4B5D-B9CD-8CD848FD0ECD}.Debug|iPhoneSimulator.ActiveCfg = Debug|Any CPU
		{D047F34A-E679-4B5D-B9CD-8CD848FD0ECD}.Debug|iPhoneSimulator.Build.0 = Debug|Any CPU
		{D047F34A-E679-4B5D-B9CD-8CD848FD0ECD}.Debug|iPhoneSimulator.Deploy.0 = Debug|Any CPU
		{D047F34A-E679-4B5D-B9CD-8CD848FD0ECD}.Debug|x64.ActiveCfg = Debug|Any CPU
		{D047F34A-E679-4B5D-B9CD-8CD848FD0ECD}.Debug|x64.Build.0 = Debug|Any CPU
		{D047F34A-E679-4B5D-B9CD-8CD848FD0ECD}.Debug|x64.Deploy.0 = Debug|Any CPU
		{D047F34A-E679-4B5D-B9CD-8CD848FD0ECD}.Debug|x86.ActiveCfg = Debug|Any CPU
		{D047F34A-E679-4B5D-B9CD-8CD848FD0ECD}.Debug|x86.Build.0 = Debug|Any CPU
		{D047F34A-E679-4B5D-B9CD-8CD848FD0ECD}.Debug|x86.Deploy.0 = Debug|Any CPU
		{D047F34A-E679-4B5D-B9CD-8CD848FD0ECD}.Release|Any CPU.ActiveCfg = Release|Any CPU
		{D047F34A-E679-4B5D-B9CD-8CD848FD0ECD}.Release|Any CPU.Build.0 = Release|Any CPU
		{D047F34A-E679-4B5D-B9CD-8CD848FD0ECD}.Release|Any CPU.Deploy.0 = Release|Any CPU
		{D047F34A-E679-4B5D-B9CD-8CD848FD0ECD}.Release|ARM.ActiveCfg = Release|Any CPU
		{D047F34A-E679-4B5D-B9CD-8CD848FD0ECD}.Release|ARM.Build.0 = Release|Any CPU
		{D047F34A-E679-4B5D-B9CD-8CD848FD0ECD}.Release|ARM.Deploy.0 = Release|Any CPU
		{D047F34A-E679-4B5D-B9CD-8CD848FD0ECD}.Release|iPhone.ActiveCfg = Release|Any CPU
		{D047F34A-E679-4B5D-B9CD-8CD848FD0ECD}.Release|iPhone.Build.0 = Release|Any CPU
		{D047F34A-E679-4B5D-B9CD-8CD848FD0ECD}.Release|iPhone.Deploy.0 = Release|Any CPU
		{D047F34A-E679-4B5D-B9CD-8CD848FD0ECD}.Release|iPhoneSimulator.ActiveCfg = Release|Any CPU
		{D047F34A-E679-4B5D-B9CD-8CD848FD0ECD}.Release|iPhoneSimulator.Build.0 = Release|Any CPU
		{D047F34A-E679-4B5D-B9CD-8CD848FD0ECD}.Release|iPhoneSimulator.Deploy.0 = Release|Any CPU
		{D047F34A-E679-4B5D-B9CD-8CD848FD0ECD}.Release|x64.ActiveCfg = Release|Any CPU
		{D047F34A-E679-4B5D-B9CD-8CD848FD0ECD}.Release|x64.Build.0 = Release|Any CPU
		{D047F34A-E679-4B5D-B9CD-8CD848FD0ECD}.Release|x64.Deploy.0 = Release|Any CPU
		{D047F34A-E679-4B5D-B9CD-8CD848FD0ECD}.Release|x86.ActiveCfg = Release|Any CPU
		{D047F34A-E679-4B5D-B9CD-8CD848FD0ECD}.Release|x86.Build.0 = Release|Any CPU
		{D047F34A-E679-4B5D-B9CD-8CD848FD0ECD}.Release|x86.Deploy.0 = Release|Any CPU
	EndGlobalSection
	GlobalSection(SolutionProperties) = preSolution
		HideSolutionNode = FALSE
	EndGlobalSection
	GlobalSection(ExtensibilityGlobals) = postSolution
		SolutionGuid = {7E8BADC4-1B61-4A1C-B296-C29D74A0C923}
	EndGlobalSection
EndGlobal
